// !$*UTF8*$!
{
	archiveVersion = 1;
	classes = {
	};
	objectVersion = 46;
	objects = {

/* Begin PBXBuildFile section */
		796FCA861B8B031D0089EDDD /* AppDelegate.swift in Sources */ = {isa = PBXBuildFile; fileRef = 796FCA851B8B031D0089EDDD /* AppDelegate.swift */; };
		796FCA881B8B031D0089EDDD /* ViewController.swift in Sources */ = {isa = PBXBuildFile; fileRef = 796FCA871B8B031D0089EDDD /* ViewController.swift */; };
		796FCA8B1B8B031D0089EDDD /* Main.storyboard in Resources */ = {isa = PBXBuildFile; fileRef = 796FCA891B8B031D0089EDDD /* Main.storyboard */; };
		796FCA8D1B8B031D0089EDDD /* Images.xcassets in Resources */ = {isa = PBXBuildFile; fileRef = 796FCA8C1B8B031D0089EDDD /* Images.xcassets */; };
		796FCA901B8B031D0089EDDD /* LaunchScreen.xib in Resources */ = {isa = PBXBuildFile; fileRef = 796FCA8E1B8B031D0089EDDD /* LaunchScreen.xib */; };
		796FCA9C1B8B031E0089EDDD /* ImageMaskingSwiftTests.swift in Sources */ = {isa = PBXBuildFile; fileRef = 796FCA9B1B8B031E0089EDDD /* ImageMaskingSwiftTests.swift */; };
		796FCAAB1B8B033A0089EDDD /* dark1.png in Resources */ = {isa = PBXBuildFile; fileRef = 796FCAA51B8B033A0089EDDD /* dark1.png */; };
		796FCAAC1B8B033A0089EDDD /* image.png in Resources */ = {isa = PBXBuildFile; fileRef = 796FCAA61B8B033A0089EDDD /* image.png */; };
		796FCAAD1B8B033A0089EDDD /* light2.png in Resources */ = {isa = PBXBuildFile; fileRef = 796FCAA71B8B033A0089EDDD /* light2.png */; };
		796FCAAE1B8B033A0089EDDD /* mask.png in Resources */ = {isa = PBXBuildFile; fileRef = 796FCAA81B8B033A0089EDDD /* mask.png */; };
		796FCAAF1B8B033A0089EDDD /* mask23.png in Resources */ = {isa = PBXBuildFile; fileRef = 796FCAA91B8B033A0089EDDD /* mask23.png */; };
		796FCAB01B8B033A0089EDDD /* mask46.png in Resources */ = {isa = PBXBuildFile; fileRef = 796FCAAA1B8B033A0089EDDD /* mask46.png */; };
/* End PBXBuildFile section */

/* Begin PBXContainerItemProxy section */
		796FCA961B8B031E0089EDDD /* PBXContainerItemProxy */ = {
			isa = PBXContainerItemProxy;
			containerPortal = 796FCA781B8B031D0089EDDD /* Project object */;
			proxyType = 1;
			remoteGlobalIDString = 796FCA7F1B8B031D0089EDDD;
			remoteInfo = ImageMaskingSwift;
		};
/* End PBXContainerItemProxy section */

/* Begin PBXFileReference section */
		796FCA801B8B031D0089EDDD /* ImageMaskingSwift.app */ = {isa = PBXFileReference; explicitFileType = wrapper.application; includeInIndex = 0; path = ImageMaskingSwift.app; sourceTree = BUILT_PRODUCTS_DIR; };
		796FCA841B8B031D0089EDDD /* Info.plist */ = {isa = PBXFileReference; lastKnownFileType = text.plist.xml; path = Info.plist; sourceTree = "<group>"; };
		796FCA851B8B031D0089EDDD /* AppDelegate.swift */ = {isa = PBXFileReference; lastKnownFileType = sourcecode.swift; path = AppDelegate.swift; sourceTree = "<group>"; };
		796FCA871B8B031D0089EDDD /* ViewController.swift */ = {isa = PBXFileReference; lastKnownFileType = sourcecode.swift; path = ViewController.swift; sourceTree = "<group>"; };
		796FCA8A1B8B031D0089EDDD /* Base */ = {isa = PBXFileReference; lastKnownFileType = file.storyboard; name = Base; path = Base.lproj/Main.storyboard; sourceTree = "<group>"; };
		796FCA8C1B8B031D0089EDDD /* Images.xcassets */ = {isa = PBXFileReference; lastKnownFileType = folder.assetcatalog; path = Images.xcassets; sourceTree = "<group>"; };
		796FCA8F1B8B031D0089EDDD /* Base */ = {isa = PBXFileReference; lastKnownFileType = file.xib; name = Base; path = Base.lproj/LaunchScreen.xib; sourceTree = "<group>"; };
		796FCA951B8B031E0089EDDD /* ImageMaskingSwiftTests.xctest */ = {isa = PBXFileReference; explicitFileType = wrapper.cfbundle; includeInIndex = 0; path = ImageMaskingSwiftTests.xctest; sourceTree = BUILT_PRODUCTS_DIR; };
		796FCA9A1B8B031E0089EDDD /* Info.plist */ = {isa = PBXFileReference; lastKnownFileType = text.plist.xml; path = Info.plist; sourceTree = "<group>"; };
		796FCA9B1B8B031E0089EDDD /* ImageMaskingSwiftTests.swift */ = {isa = PBXFileReference; lastKnownFileType = sourcecode.swift; path = ImageMaskingSwiftTests.swift; sourceTree = "<group>"; };
		796FCAA51B8B033A0089EDDD /* dark1.png */ = {isa = PBXFileReference; lastKnownFileType = image.png; path = dark1.png; sourceTree = "<group>"; };
		796FCAA61B8B033A0089EDDD /* image.png */ = {isa = PBXFileReference; lastKnownFileType = image.png; path = image.png; sourceTree = "<group>"; };
		796FCAA71B8B033A0089EDDD /* light2.png */ = {isa = PBXFileReference; lastKnownFileType = image.png; path = light2.png; sourceTree = "<group>"; };
		796FCAA81B8B033A0089EDDD /* mask.png */ = {isa = PBXFileReference; lastKnownFileType = image.png; path = mask.png; sourceTree = "<group>"; };
		796FCAA91B8B033A0089EDDD /* mask23.png */ = {isa = PBXFileReference; lastKnownFileType = image.png; path = mask23.png; sourceTree = "<group>"; };
		796FCAAA1B8B033A0089EDDD /* mask46.png */ = {isa = PBXFileReference; lastKnownFileType = image.png; path = mask46.png; sourceTree = "<group>"; };
/* End PBXFileReference section */

/* Begin PBXFrameworksBuildPhase section */
		796FCA7D1B8B031D0089EDDD /* Frameworks */ = {
			isa = PBXFrameworksBuildPhase;
			buildActionMask = 2147483647;
			files = (
			);
			runOnlyForDeploymentPostprocessing = 0;
		};
		796FCA921B8B031E0089EDDD /* Frameworks */ = {
			isa = PBXFrameworksBuildPhase;
			buildActionMask = 2147483647;
			files = (
			);
			runOnlyForDeploymentPostprocessing = 0;
		};
/* End PBXFrameworksBuildPhase section */

/* Begin PBXGroup section */
		796FCA771B8B031D0089EDDD = {
			isa = PBXGroup;
			children = (
				796FCA821B8B031D0089EDDD /* ImageMaskingSwift */,
				796FCA981B8B031E0089EDDD /* ImageMaskingSwiftTests */,
				796FCA811B8B031D0089EDDD /* Products */,
			);
			sourceTree = "<group>";
		};
		796FCA811B8B031D0089EDDD /* Products */ = {
			isa = PBXGroup;
			children = (
				796FCA801B8B031D0089EDDD /* ImageMaskingSwift.app */,
				796FCA951B8B031E0089EDDD /* ImageMaskingSwiftTests.xctest */,
			);
			name = Products;
			sourceTree = "<group>";
		};
		796FCA821B8B031D0089EDDD /* ImageMaskingSwift */ = {
			isa = PBXGroup;
			children = (
				796FCA851B8B031D0089EDDD /* AppDelegate.swift */,
				796FCA871B8B031D0089EDDD /* ViewController.swift */,
				796FCA891B8B031D0089EDDD /* Main.storyboard */,
				796FCA8C1B8B031D0089EDDD /* Images.xcassets */,
				796FCA8E1B8B031D0089EDDD /* LaunchScreen.xib */,
				796FCA831B8B031D0089EDDD /* Supporting Files */,
			);
			path = ImageMaskingSwift;
			sourceTree = "<group>";
		};
		796FCA831B8B031D0089EDDD /* Supporting Files */ = {
			isa = PBXGroup;
			children = (
				796FCAA51B8B033A0089EDDD /* dark1.png */,
				796FCAA61B8B033A0089EDDD /* image.png */,
				796FCAA71B8B033A0089EDDD /* light2.png */,
				796FCAA81B8B033A0089EDDD /* mask.png */,
				796FCAA91B8B033A0089EDDD /* mask23.png */,
				796FCAAA1B8B033A0089EDDD /* mask46.png */,
				796FCA841B8B031D0089EDDD /* Info.plist */,
			);
			name = "Supporting Files";
			sourceTree = "<group>";
		};
		796FCA981B8B031E0089EDDD /* ImageMaskingSwiftTests */ = {
			isa = PBXGroup;
			children = (
				796FCA9B1B8B031E0089EDDD /* ImageMaskingSwiftTests.swift */,
				796FCA991B8B031E0089EDDD /* Supporting Files */,
			);
			path = ImageMaskingSwiftTests;
			sourceTree = "<group>";
		};
		796FCA991B8B031E0089EDDD /* Supporting Files */ = {
			isa = PBXGroup;
			children = (
				796FCA9A1B8B031E0089EDDD /* Info.plist */,
			);
			name = "Supporting Files";
			sourceTree = "<group>";
		};
/* End PBXGroup section */

/* Begin PBXNativeTarget section */
		796FCA7F1B8B031D0089EDDD /* ImageMaskingSwift */ = {
			isa = PBXNativeTarget;
			buildConfigurationList = 796FCA9F1B8B031E0089EDDD /* Build configuration list for PBXNativeTarget "ImageMaskingSwift" */;
			buildPhases = (
				796FCA7C1B8B031D0089EDDD /* Sources */,
				796FCA7D1B8B031D0089EDDD /* Frameworks */,
				796FCA7E1B8B031D0089EDDD /* Resources */,
			);
			buildRules = (
			);
			dependencies = (
			);
			name = ImageMaskingSwift;
			productName = ImageMaskingSwift;
			productReference = 796FCA801B8B031D0089EDDD /* ImageMaskingSwift.app */;
			productType = "com.apple.product-type.application";
		};
		796FCA941B8B031E0089EDDD /* ImageMaskingSwiftTests */ = {
			isa = PBXNativeTarget;
			buildConfigurationList = 796FCAA21B8B031E0089EDDD /* Build configuration list for PBXNativeTarget "ImageMaskingSwiftTests" */;
			buildPhases = (
				796FCA911B8B031E0089EDDD /* Sources */,
				796FCA921B8B031E0089EDDD /* Frameworks */,
				796FCA931B8B031E0089EDDD /* Resources */,
			);
			buildRules = (
			);
			dependencies = (
				796FCA971B8B031E0089EDDD /* PBXTargetDependency */,
			);
			name = ImageMaskingSwiftTests;
			productName = ImageMaskingSwiftTests;
			productReference = 796FCA951B8B031E0089EDDD /* ImageMaskingSwiftTests.xctest */;
			productType = "com.apple.product-type.bundle.unit-test";
		};
/* End PBXNativeTarget section */

/* Begin PBXProject section */
		796FCA781B8B031D0089EDDD /* Project object */ = {
			isa = PBXProject;
			attributes = {
				LastUpgradeCheck = 0640;
				ORGANIZATIONNAME = "Innofied Solutions Pvt. Ltd.";
				TargetAttributes = {
					796FCA7F1B8B031D0089EDDD = {
						CreatedOnToolsVersion = 6.4;
					};
					796FCA941B8B031E0089EDDD = {
						CreatedOnToolsVersion = 6.4;
						TestTargetID = 796FCA7F1B8B031D0089EDDD;
					};
				};
			};
			buildConfigurationList = 796FCA7B1B8B031D0089EDDD /* Build configuration list for PBXProject "ImageMaskingSwift" */;
			compatibilityVersion = "Xcode 3.2";
			developmentRegion = English;
			hasScannedForEncodings = 0;
			knownRegions = (
				en,
				Base,
			);
			mainGroup = 796FCA771B8B031D0089EDDD;
			productRefGroup = 796FCA811B8B031D0089EDDD /* Products */;
			projectDirPath = "";
			projectRoot = "";
			targets = (
				796FCA7F1B8B031D0089EDDD /* ImageMaskingSwift */,
				796FCA941B8B031E0089EDDD /* ImageMaskingSwiftTests */,
			);
		};
/* End PBXProject section */

/* Begin PBXResourcesBuildPhase section */
		796FCA7E1B8B031D0089EDDD /* Resources */ = {
			isa = PBXResourcesBuildPhase;
			buildActionMask = 2147483647;
			files = (
				796FCAAE1B8B033A0089EDDD /* mask.png in Resources */,
				796FCA8B1B8B031D0089EDDD /* Main.storyboard in Resources */,
				796FCAAD1B8B033A0089EDDD /* light2.png in Resources */,
				796FCA901B8B031D0089EDDD /* LaunchScreen.xib in Resources */,
				796FCA8D1B8B031D0089EDDD /* Images.xcassets in Resources */,
				796FCAAB1B8B033A0089EDDD /* dark1.png in Resources */,
				796FCAB01B8B033A0089EDDD /* mask46.png in Resources */,
				796FCAAF1B8B033A0089EDDD /* mask23.png in Resources */,
				796FCAAC1B8B033A0089EDDD /* image.png in Resources */,
			);
			runOnlyForDeploymentPostprocessing = 0;
		};
		796FCA931B8B031E0089EDDD /* Resources */ = {
			isa = PBXResourcesBuildPhase;
			buildActionMask = 2147483647;
			files = (
			);
			runOnlyForDeploymentPostprocessing = 0;
		};
/* End PBXResourcesBuildPhase section */

/* Begin PBXSourcesBuildPhase section */
		796FCA7C1B8B031D0089EDDD /* Sources */ = {
			isa = PBXSourcesBuildPhase;
			buildActionMask = 2147483647;
			files = (
				796FCA881B8B031D0089EDDD /* ViewController.swift in Sources */,
				796FCA861B8B031D0089EDDD /* AppDelegate.swift in Sources */,
			);
			runOnlyForDeploymentPostprocessing = 0;
		};
		796FCA911B8B031E0089EDDD /* Sources */ = {
			isa = PBXSourcesBuildPhase;
			buildActionMask = 2147483647;
			files = (
				796FCA9C1B8B031E0089EDDD /* ImageMaskingSwiftTests.swift in Sources */,
			);
			runOnlyForDeploymentPostprocessing = 0;
		};
/* End PBXSourcesBuildPhase section */

/* Begin PBXTargetDependency section */
		796FCA971B8B031E0089EDDD /* PBXTargetDependency */ = {
			isa = PBXTargetDependency;
			target = 796FCA7F1B8B031D0089EDDD /* ImageMaskingSwift */;
			targetProxy = 796FCA961B8B031E0089EDDD /* PBXContainerItemProxy */;
		};
/* End PBXTargetDependency section */

/* Begin PBXVariantGroup section */
		796FCA891B8B031D0089EDDD /* Main.storyboard */ = {
			isa = PBXVariantGroup;
			children = (
				796FCA8A1B8B031D0089EDDD /* Base */,
			);
			name = Main.storyboard;
			sourceTree = "<group>";
		};
		796FCA8E1B8B031D0089EDDD /* LaunchScreen.xib */ = {
			isa = PBXVariantGroup;
			children = (
				796FCA8F1B8B031D0089EDDD /* Base */,
			);
			name = LaunchScreen.xib;
			sourceTree = "<group>";
		};
/* End PBXVariantGroup section */

/* Begin XCBuildConfiguration section */
		796FCA9D1B8B031E0089EDDD /* Debug */ = {
			isa = XCBuildConfiguration;
			buildSettings = {
				ALWAYS_SEARCH_USER_PATHS = NO;
				CLANG_CXX_LANGUAGE_STANDARD = "gnu++0x";
				CLANG_CXX_LIBRARY = "libc++";
				CLANG_ENABLE_MODULES = YES;
				CLANG_ENABLE_OBJC_ARC = YES;
				CLANG_WARN_BOOL_CONVERSION = YES;
				CLANG_WARN_CONSTANT_CONVERSION = YES;
				CLANG_WARN_DIRECT_OBJC_ISA_USAGE = YES_ERROR;
				CLANG_WARN_EMPTY_BODY = YES;
				CLANG_WARN_ENUM_CONVERSION = YES;
				CLANG_WARN_INT_CONVERSION = YES;
				CLANG_WARN_OBJC_ROOT_CLASS = YES_ERROR;
				CLANG_WARN_UNREACHABLE_CODE = YES;
				CLANG_WARN__DUPLICATE_METHOD_MATCH = YES;
				"CODE_SIGN_IDENTITY[sdk=iphoneos*]" = "iPhone Developer";
				COPY_PHASE_STRIP = NO;
				DEBUG_INFORMATION_FORMAT = "dwarf-with-dsym";
				ENABLE_STRICT_OBJC_MSGSEND = YES;
				GCC_C_LANGUAGE_STANDARD = gnu99;
				GCC_DYNAMIC_NO_PIC = NO;
				GCC_NO_COMMON_BLOCKS = YES;
				GCC_OPTIMIZATION_LEVEL = 0;
				GCC_PREPROCESSOR_DEFINITIONS = (
					"DEBUG=1",
					"$(inherited)",
				);
				GCC_SYMBOLS_PRIVATE_EXTERN = NO;
				GCC_WARN_64_TO_32_BIT_CONVERSION = YES;
				GCC_WARN_ABOUT_RETURN_TYPE = YES_ERROR;
				GCC_WARN_UNDECLARED_SELECTOR = YES;
				GCC_WARN_UNINITIALIZED_AUTOS = YES_AGGRESSIVE;
				GCC_WARN_UNUSED_FUNCTION = YES;
				GCC_WARN_UNUSED_VARIABLE = YES;
				IPHONEOS_DEPLOYMENT_TARGET = 8.4;
				MTL_ENABLE_DEBUG_INFO = YES;
				ONLY_ACTIVE_ARCH = YES;
				SDKROOT = iphoneos;
				SWIFT_OPTIMIZATION_LEVEL = "-Onone";
			};
			name = Debug;
		};
		796FCA9E1B8B031E0089EDDD /* Release */ = {
			isa = XCBuildConfiguration;
			buildSettings = {
				ALWAYS_SEARCH_USER_PATHS = NO;
				CLANG_CXX_LANGUAGE_STANDARD = "gnu++0x";
				CLANG_CXX_LIBRARY = "libc++";
				CLANG_ENABLE_MODULES = YES;
				CLANG_ENABLE_OBJC_ARC = YES;
				CLANG_WARN_BOOL_CONVERSION = YES;
				CLANG_WARN_CONSTANT_CONVERSION = YES;
				CLANG_WARN_DIRECT_OBJC_ISA_USAGE = YES_ERROR;
				CLANG_WARN_EMPTY_BODY = YES;
				CLANG_WARN_ENUM_CONVERSION = YES;
				CLANG_WARN_INT_CONVERSION = YES;
				CLANG_WARN_OBJC_ROOT_CLASS = YES_ERROR;
				CLANG_WARN_UNREACHABLE_CODE = YES;
				CLANG_WARN__DUPLICATE_METHOD_MATCH = YES;
				"CODE_SIGN_IDENTITY[sdk=iphoneos*]" = "iPhone Developer";
				COPY_PHASE_STRIP = NO;
				DEBUG_INFORMATION_FORMAT = "dwarf-with-dsym";
				ENABLE_NS_ASSERTIONS = NO;
				ENABLE_STRICT_OBJC_MSGSEND = YES;
				GCC_C_LANGUAGE_STANDARD = gnu99;
				GCC_NO_COMMON_BLOCKS = YES;
				GCC_WARN_64_TO_32_BIT_CONVERSION = YES;
				GCC_WARN_ABOUT_RETURN_TYPE = YES_ERROR;
				GCC_WARN_UNDECLARED_SELECTOR = YES;
				GCC_WARN_UNINITIALIZED_AUTOS = YES_AGGRESSIVE;
				GCC_WARN_UNUSED_FUNCTION = YES;
				GCC_WARN_UNUSED_VARIABLE = YES;
				IPHONEOS_DEPLOYMENT_TARGET = 8.4;
				MTL_ENABLE_DEBUG_INFO = NO;
				SDKROOT = iphoneos;
				VALIDATE_PRODUCT = YES;
			};
			name = Release;
		};
		796FCAA01B8B031E0089EDDD /* Debug */ = {
			isa = XCBuildConfiguration;
			buildSettings = {
				ASSETCATALOG_COMPILER_APPICON_NAME = AppIcon;
				INFOPLIST_FILE = ImageMaskingSwift/Info.plist;
				LD_RUNPATH_SEARCH_PATHS = "$(inherited) @executable_path/Frameworks";
				PRODUCT_NAME = "$(TARGET_NAME)";
			};
			name = Debug;
		};
		796FCAA11B8B031E0089EDDD /* Release */ = {
			isa = XCBuildConfiguration;
			buildSettings = {
				ASSETCATALOG_COMPILER_APPICON_NAME = AppIcon;
				INFOPLIST_FILE = ImageMaskingSwift/Info.plist;
				LD_RUNPATH_SEARCH_PATHS = "$(inherited) @executable_path/Frameworks";
				PRODUCT_NAME = "$(TARGET_NAME)";
			};
			name = Release;
		};
		796FCAA31B8B031E0089EDDD /* Debug */ = {
			isa = XCBuildConfiguration;
			buildSettings = {
				BUNDLE_LOADER = "$(TEST_HOST)";
				FRAMEWORK_SEARCH_PATHS = (
					"$(SDKROOT)/Developer/Library/Frameworks",
					"$(inherited)",
				);
				GCC_PREPROCESSOR_DEFINITIONS = (
					"DEBUG=1",
					"$(inherited)",
				);
				INFOPLIST_FILE = ImageMaskingSwiftTests/Info.plist;
				LD_RUNPATH_SEARCH_PATHS = "$(inherited) @executable_path/Frameworks @loader_path/Frameworks";
				PRODUCT_NAME = "$(TARGET_NAME)";
				TEST_HOST = "$(BUILT_PRODUCTS_DIR)/ImageMaskingSwift.app/ImageMaskingSwift";
			};
			name = Debug;
		};
		796FCAA41B8B031E0089EDDD /* Release */ = {
			isa = XCBuildConfiguration;
			buildSettings = {
				BUNDLE_LOADER = "$(TEST_HOST)";
				FRAMEWORK_SEARCH_PATHS = (
					"$(SDKROOT)/Developer/Library/Frameworks",
					"$(inherited)",
				);
				INFOPLIST_FILE = ImageMaskingSwiftTests/Info.plist;
				LD_RUNPATH_SEARCH_PATHS = "$(inherited) @executable_path/Frameworks @loader_path/Frameworks";
				PRODUCT_NAME = "$(TARGET_NAME)";
				TEST_HOST = "$(BUILT_PRODUCTS_DIR)/ImageMaskingSwift.app/ImageMaskingSwift";
			};
			name = Release;
		};
/* End XCBuildConfiguration section */

/* Begin XCConfigurationList section */
		796FCA7B1B8B031D0089EDDD /* Build configuration list for PBXProject "ImageMaskingSwift" */ = {
			isa = XCConfigurationList;
			buildConfigurations = (
				796FCA9D1B8B031E0089EDDD /* Debug */,
				796FCA9E1B8B031E0089EDDD /* Release */,
			);
			defaultConfigurationIsVisible = 0;
			defaultConfigurationName = Release;
		};
		796FCA9F1B8B031E0089EDDD /* Build configuration list for PBXNativeTarget "ImageMaskingSwift" */ = {
			isa = XCConfigurationList;
			buildConfigurations = (
				796FCAA01B8B031E0089EDDD /* Debug */,
				796FCAA11B8B031E0089EDDD /* Release */,
			);
			defaultConfigurationIsVisible = 0;
		};
		796FCAA21B8B031E0089EDDD /* Build configuration list for PBXNativeTarget "ImageMaskingSwiftTests" */ = {
			isa = XCConfigurationList;
			buildConfigurations = (
				796FCAA31B8B031E0089EDDD /* Debug */,
				796FCAA41B8B031E0089EDDD /* Release */,
			);
			defaultConfigurationIsVisible = 0;
		};
/* End XCConfigurationList section */
	};
	rootObject = 796FCA781B8B031D0089EDDD /* Project object */;
}
